
Microsoft Visual Studio Solution File, Format Version 12.00
# Visual Studio 2012
Project("{FAE04EC0-301F-11D3-BF4B-00C04F79EFBC}") = "GSM", "GSM\GSM.csproj", "{E063FAD2-77AD-4A67-9065-583DAA5C06DB}"
EndProject
Global
	GlobalSection(SolutionConfigurationPlatforms) = preSolution
		Debug|Any CPU = Debug|Any CPU
		Release|Any CPU = Release|Any CPU
	EndGlobalSection
	GlobalSection(ProjectConfigurationPlatforms) = postSolution
		{E063FAD2-77AD-4A67-9065-583DAA5C06DB}.Debug|Any CPU.ActiveCfg = Debug|Any CPU
		{E063FAD2-77AD-4A67-9065-583DAA5C06DB}.Debug|Any CPU.Build.0 = Debug|Any CPU
		{E063FAD2-77AD-4A67-9065-583DAA5C06DB}.Release|Any CPU.ActiveCfg = Release|Any CPU
		{E063FAD2-77AD-4A67-9065-583DAA5C06DB}.Release|Any CPU.Build.0 = Release|Any CPU
	EndGlobalSection
	GlobalSection(SolutionProperties) = preSolution
		HideSolutionNode = FALSE
	EndGlobalSection
EndGlobal
